
Microsoft Visual Studio Solution File, Format Version 12.00
# Visual Studio 15
VisualStudioVersion = 15.0.28010.2050
MinimumVisualStudioVersion = 10.0.40219.1
Project("{FAE04EC0-301F-11D3-BF4B-00C04F79EFBC}") = "DataAccess", "DataAccess\DataAccess.csproj", "{C2F5774C-5B1F-41A7-856D-5D2668D34FAC}"
EndProject
Project("{FAE04EC0-301F-11D3-BF4B-00C04F79EFBC}") = "WPF-Control Datetime", "WPF\WPF-Control Datetime.csproj", "{1469F34D-CC51-4E4A-BED7-6F95C5EDF1F7}"
EndProject
Global
	GlobalSection(SolutionConfigurationPlatforms) = preSolution
		Debug|Any CPU = Debug|Any CPU
		Release|Any CPU = Release|Any CPU
	EndGlobalSection
	GlobalSection(ProjectConfigurationPlatforms) = postSolution
		{C2F5774C-5B1F-41A7-856D-5D2668D34FAC}.Debug|Any CPU.ActiveCfg = Debug|Any CPU
		{C2F5774C-5B1F-41A7-856D-5D2668D34FAC}.Debug|Any CPU.Build.0 = Debug|Any CPU
		{C2F5774C-5B1F-41A7-856D-5D2668D34FAC}.Release|Any CPU.ActiveCfg = Release|Any CPU
		{C2F5774C-5B1F-41A7-856D-5D2668D34FAC}.Release|Any CPU.Build.0 = Release|Any CPU
		{1469F34D-CC51-4E4A-BED7-6F95C5EDF1F7}.Debug|Any CPU.ActiveCfg = Debug|Any CPU
		{1469F34D-CC51-4E4A-BED7-6F95C5EDF1F7}.Debug|Any CPU.Build.0 = Debug|Any CPU
		{1469F34D-CC51-4E4A-BED7-6F95C5EDF1F7}.Release|Any CPU.ActiveCfg = Release|Any CPU
		{1469F34D-CC51-4E4A-BED7-6F95C5EDF1F7}.Release|Any CPU.Build.0 = Release|Any CPU
	EndGlobalSection
	GlobalSection(SolutionProperties) = preSolution
		HideSolutionNode = FALSE
	EndGlobalSection
	GlobalSection(ExtensibilityGlobals) = postSolution
		SolutionGuid = {E0CEFB33-866B-4177-9F55-1F8167777265}
	EndGlobalSection
EndGlobal
